
Microsoft Visual Studio Solution File, Format Version 12.00
# Visual Studio 15
VisualStudioVersion = 15.0.27004.2005
MinimumVisualStudioVersion = 10.0.40219.1
Project("{FAE04EC0-301F-11D3-BF4B-00C04F79EFBC}") = "17.1", "17.1\17.1.csproj", "{80A7507B-3941-4448-8E49-AD1D691C05A3}"
EndProject
Project("{FAE04EC0-301F-11D3-BF4B-00C04F79EFBC}") = "18.1", "18.1\18.1.csproj", "{7F34E09E-2B97-4417-AF22-C82BC6447D90}"
EndProject
Project("{FAE04EC0-301F-11D3-BF4B-00C04F79EFBC}") = "18.2", "18.2\18.2.csproj", "{28D5FD61-94BB-4217-B003-2C2F2C5520EB}"
EndProject
Project("{FAE04EC0-301F-11D3-BF4B-00C04F79EFBC}") = "TreeLib", "TreeLib\TreeLib.csproj", "{B2C4B303-0BAF-492F-8B48-569431BDDA36}"
EndProject
Global
	GlobalSection(SolutionConfigurationPlatforms) = preSolution
		Debug|Any CPU = Debug|Any CPU
		Release|Any CPU = Release|Any CPU
	EndGlobalSection
	GlobalSection(ProjectConfigurationPlatforms) = postSolution
		{80A7507B-3941-4448-8E49-AD1D691C05A3}.Debug|Any CPU.ActiveCfg = Debug|Any CPU
		{80A7507B-3941-4448-8E49-AD1D691C05A3}.Debug|Any CPU.Build.0 = Debug|Any CPU
		{80A7507B-3941-4448-8E49-AD1D691C05A3}.Release|Any CPU.ActiveCfg = Release|Any CPU
		{80A7507B-3941-4448-8E49-AD1D691C05A3}.Release|Any CPU.Build.0 = Release|Any CPU
		{7F34E09E-2B97-4417-AF22-C82BC6447D90}.Debug|Any CPU.ActiveCfg = Debug|Any CPU
		{7F34E09E-2B97-4417-AF22-C82BC6447D90}.Debug|Any CPU.Build.0 = Debug|Any CPU
		{7F34E09E-2B97-4417-AF22-C82BC6447D90}.Release|Any CPU.ActiveCfg = Release|Any CPU
		{7F34E09E-2B97-4417-AF22-C82BC6447D90}.Release|Any CPU.Build.0 = Release|Any CPU
		{28D5FD61-94BB-4217-B003-2C2F2C5520EB}.Debug|Any CPU.ActiveCfg = Debug|Any CPU
		{28D5FD61-94BB-4217-B003-2C2F2C5520EB}.Debug|Any CPU.Build.0 = Debug|Any CPU
		{28D5FD61-94BB-4217-B003-2C2F2C5520EB}.Release|Any CPU.ActiveCfg = Release|Any CPU
		{28D5FD61-94BB-4217-B003-2C2F2C5520EB}.Release|Any CPU.Build.0 = Release|Any CPU
		{B2C4B303-0BAF-492F-8B48-569431BDDA36}.Debug|Any CPU.ActiveCfg = Debug|Any CPU
		{B2C4B303-0BAF-492F-8B48-569431BDDA36}.Debug|Any CPU.Build.0 = Debug|Any CPU
		{B2C4B303-0BAF-492F-8B48-569431BDDA36}.Release|Any CPU.ActiveCfg = Release|Any CPU
		{B2C4B303-0BAF-492F-8B48-569431BDDA36}.Release|Any CPU.Build.0 = Release|Any CPU
	EndGlobalSection
	GlobalSection(SolutionProperties) = preSolution
		HideSolutionNode = FALSE
	EndGlobalSection
	GlobalSection(ExtensibilityGlobals) = postSolution
		SolutionGuid = {AF8F33A1-4E2B-4210-B7A0-1847997A27F0}
	EndGlobalSection
EndGlobal
